// !$*UTF8*$!
{
	archiveVersion = 1;
	classes = {
	};
	objectVersion = 50;
	objects = {

/* Begin PBXBuildFile section */
		643DBF34255AE0FB00BC99CB /* UserModel.swift in Sources */ = {isa = PBXBuildFile; fileRef = 643DBF33255AE0FB00BC99CB /* UserModel.swift */; };
		6448226D25640F1400767A8F /* AllSemesterView.swift in Sources */ = {isa = PBXBuildFile; fileRef = 6448226C25640F1400767A8F /* AllSemesterView.swift */; };
		6448227025640F2400767A8F /* AllSemesterViewModel.swift in Sources */ = {isa = PBXBuildFile; fileRef = 6448226F25640F2400767A8F /* AllSemesterViewModel.swift */; };
		6448227325641B2D00767A8F /* SettingsViewModel.swift in Sources */ = {isa = PBXBuildFile; fileRef = 6448227225641B2D00767A8F /* SettingsViewModel.swift */; };
		645778A2255196700069F247 /* StundenplanAppApp.swift in Sources */ = {isa = PBXBuildFile; fileRef = 645778A1255196700069F247 /* StundenplanAppApp.swift */; };
		645778A4255196700069F247 /* ContentView.swift in Sources */ = {isa = PBXBuildFile; fileRef = 645778A3255196700069F247 /* ContentView.swift */; };
		645778A6255196710069F247 /* Assets.xcassets in Resources */ = {isa = PBXBuildFile; fileRef = 645778A5255196710069F247 /* Assets.xcassets */; };
		645778A9255196710069F247 /* Preview Assets.xcassets in Resources */ = {isa = PBXBuildFile; fileRef = 645778A8255196710069F247 /* Preview Assets.xcassets */; };
		64E901EB2551A0FC00BFDC2C /* SettingsView.swift in Sources */ = {isa = PBXBuildFile; fileRef = 64E901EA2551A0FC00BFDC2C /* SettingsView.swift */; };
		64E901F02551A1A000BFDC2C /* ScheduleView.swift in Sources */ = {isa = PBXBuildFile; fileRef = 64E901EF2551A1A000BFDC2C /* ScheduleView.swift */; };
		64E901F52551A21F00BFDC2C /* ChangesView.swift in Sources */ = {isa = PBXBuildFile; fileRef = 64E901F42551A21F00BFDC2C /* ChangesView.swift */; };
		64E902002551A53600BFDC2C /* ScheduleForCourseSemester.swift in Sources */ = {isa = PBXBuildFile; fileRef = 64E901FF2551A53600BFDC2C /* ScheduleForCourseSemester.swift */; };
		64E9020E2551A5FA00BFDC2C /* LectureChangeInfo.swift in Sources */ = {isa = PBXBuildFile; fileRef = 64E9020C2551A5FA00BFDC2C /* LectureChangeInfo.swift */; };
		64E9020F2551A5FA00BFDC2C /* ChangesForCouseSemester.swift in Sources */ = {isa = PBXBuildFile; fileRef = 64E9020D2551A5FA00BFDC2C /* ChangesForCouseSemester.swift */; };
		64E902142551A62200BFDC2C /* CoursesAfterTerm.swift in Sources */ = {isa = PBXBuildFile; fileRef = 64E902112551A62200BFDC2C /* CoursesAfterTerm.swift */; };
		64E902152551A62200BFDC2C /* Labels.swift in Sources */ = {isa = PBXBuildFile; fileRef = 64E902122551A62200BFDC2C /* Labels.swift */; };
		64E902162551A62200BFDC2C /* Course.swift in Sources */ = {isa = PBXBuildFile; fileRef = 64E902132551A62200BFDC2C /* Course.swift */; };
		64E9021B2551A72000BFDC2C /* Pipelines.swift in Sources */ = {isa = PBXBuildFile; fileRef = 64E9021A2551A72000BFDC2C /* Pipelines.swift */; };
		64E9021F2551A81500BFDC2C /* AllCoursesView.swift in Sources */ = {isa = PBXBuildFile; fileRef = 64E9021E2551A81500BFDC2C /* AllCoursesView.swift */; };
		64E902292551ABC800BFDC2C /* AllCoursesViewModel.swift in Sources */ = {isa = PBXBuildFile; fileRef = 64E902282551ABC800BFDC2C /* AllCoursesViewModel.swift */; };
		64E9022F2551B56500BFDC2C /* ServerModel.swift in Sources */ = {isa = PBXBuildFile; fileRef = 64E9022E2551B56500BFDC2C /* ServerModel.swift */; };
/* End PBXBuildFile section */

/* Begin PBXFileReference section */
		643DBF33255AE0FB00BC99CB /* UserModel.swift */ = {isa = PBXFileReference; lastKnownFileType = sourcecode.swift; path = UserModel.swift; sourceTree = "<group>"; };
		6448226C25640F1400767A8F /* AllSemesterView.swift */ = {isa = PBXFileReference; lastKnownFileType = sourcecode.swift; path = AllSemesterView.swift; sourceTree = "<group>"; };
		6448226F25640F2400767A8F /* AllSemesterViewModel.swift */ = {isa = PBXFileReference; lastKnownFileType = sourcecode.swift; path = AllSemesterViewModel.swift; sourceTree = "<group>"; };
		6448227225641B2D00767A8F /* SettingsViewModel.swift */ = {isa = PBXFileReference; lastKnownFileType = sourcecode.swift; path = SettingsViewModel.swift; sourceTree = "<group>"; };
		6457789E255196700069F247 /* StundenplanApp.app */ = {isa = PBXFileReference; explicitFileType = wrapper.application; includeInIndex = 0; path = StundenplanApp.app; sourceTree = BUILT_PRODUCTS_DIR; };
		645778A1255196700069F247 /* StundenplanAppApp.swift */ = {isa = PBXFileReference; lastKnownFileType = sourcecode.swift; path = StundenplanAppApp.swift; sourceTree = "<group>"; };
		645778A3255196700069F247 /* ContentView.swift */ = {isa = PBXFileReference; lastKnownFileType = sourcecode.swift; path = ContentView.swift; sourceTree = "<group>"; };
		645778A5255196710069F247 /* Assets.xcassets */ = {isa = PBXFileReference; lastKnownFileType = folder.assetcatalog; path = Assets.xcassets; sourceTree = "<group>"; };
		645778A8255196710069F247 /* Preview Assets.xcassets */ = {isa = PBXFileReference; lastKnownFileType = folder.assetcatalog; path = "Preview Assets.xcassets"; sourceTree = "<group>"; };
		645778AA255196710069F247 /* Info.plist */ = {isa = PBXFileReference; lastKnownFileType = text.plist.xml; path = Info.plist; sourceTree = "<group>"; };
		64E901EA2551A0FC00BFDC2C /* SettingsView.swift */ = {isa = PBXFileReference; lastKnownFileType = sourcecode.swift; path = SettingsView.swift; sourceTree = "<group>"; };
		64E901EF2551A1A000BFDC2C /* ScheduleView.swift */ = {isa = PBXFileReference; lastKnownFileType = sourcecode.swift; path = ScheduleView.swift; sourceTree = "<group>"; };
		64E901F42551A21F00BFDC2C /* ChangesView.swift */ = {isa = PBXFileReference; lastKnownFileType = sourcecode.swift; path = ChangesView.swift; sourceTree = "<group>"; };
		64E901FF2551A53600BFDC2C /* ScheduleForCourseSemester.swift */ = {isa = PBXFileReference; fileEncoding = 4; lastKnownFileType = sourcecode.swift; path = ScheduleForCourseSemester.swift; sourceTree = "<group>"; };
		64E9020C2551A5FA00BFDC2C /* LectureChangeInfo.swift */ = {isa = PBXFileReference; fileEncoding = 4; lastKnownFileType = sourcecode.swift; path = LectureChangeInfo.swift; sourceTree = "<group>"; };
		64E9020D2551A5FA00BFDC2C /* ChangesForCouseSemester.swift */ = {isa = PBXFileReference; fileEncoding = 4; lastKnownFileType = sourcecode.swift; path = ChangesForCouseSemester.swift; sourceTree = "<group>"; };
		64E902112551A62200BFDC2C /* CoursesAfterTerm.swift */ = {isa = PBXFileReference; fileEncoding = 4; lastKnownFileType = sourcecode.swift; path = CoursesAfterTerm.swift; sourceTree = "<group>"; };
		64E902122551A62200BFDC2C /* Labels.swift */ = {isa = PBXFileReference; fileEncoding = 4; lastKnownFileType = sourcecode.swift; path = Labels.swift; sourceTree = "<group>"; };
		64E902132551A62200BFDC2C /* Course.swift */ = {isa = PBXFileReference; fileEncoding = 4; lastKnownFileType = sourcecode.swift; path = Course.swift; sourceTree = "<group>"; };
		64E9021A2551A72000BFDC2C /* Pipelines.swift */ = {isa = PBXFileReference; fileEncoding = 4; lastKnownFileType = sourcecode.swift; path = Pipelines.swift; sourceTree = "<group>"; };
		64E9021E2551A81500BFDC2C /* AllCoursesView.swift */ = {isa = PBXFileReference; lastKnownFileType = sourcecode.swift; path = AllCoursesView.swift; sourceTree = "<group>"; };
		64E902282551ABC800BFDC2C /* AllCoursesViewModel.swift */ = {isa = PBXFileReference; lastKnownFileType = sourcecode.swift; path = AllCoursesViewModel.swift; sourceTree = "<group>"; };
		64E9022E2551B56500BFDC2C /* ServerModel.swift */ = {isa = PBXFileReference; lastKnownFileType = sourcecode.swift; path = ServerModel.swift; sourceTree = "<group>"; };
/* End PBXFileReference section */

/* Begin PBXFrameworksBuildPhase section */
		6457789B255196700069F247 /* Frameworks */ = {
			isa = PBXFrameworksBuildPhase;
			buildActionMask = 2147483647;
			files = (
			);
			runOnlyForDeploymentPostprocessing = 0;
		};
/* End PBXFrameworksBuildPhase section */

/* Begin PBXGroup section */
		643DBF32255AE0CA00BC99CB /* UserModel */ = {
			isa = PBXGroup;
			children = (
				643DBF33255AE0FB00BC99CB /* UserModel.swift */,
			);
			path = UserModel;
			sourceTree = "<group>";
		};
		6448226B25640EF600767A8F /* AllSemesterView */ = {
			isa = PBXGroup;
			children = (
				6448226C25640F1400767A8F /* AllSemesterView.swift */,
				6448226F25640F2400767A8F /* AllSemesterViewModel.swift */,
			);
			path = AllSemesterView;
			sourceTree = "<group>";
		};
		64577895255196700069F247 = {
			isa = PBXGroup;
			children = (
				645778A0255196700069F247 /* StundenplanApp */,
				6457789F255196700069F247 /* Products */,
			);
			sourceTree = "<group>";
		};
		6457789F255196700069F247 /* Products */ = {
			isa = PBXGroup;
			children = (
				6457789E255196700069F247 /* StundenplanApp.app */,
			);
			name = Products;
			sourceTree = "<group>";
		};
		645778A0255196700069F247 /* StundenplanApp */ = {
			isa = PBXGroup;
			children = (
				64E902182551A69200BFDC2C /* Combine */,
				64E901F92551A39B00BFDC2C /* Models */,
				649714F125519E9E00193184 /* ViewVm */,
				645778A1255196700069F247 /* StundenplanAppApp.swift */,
				645778A5255196710069F247 /* Assets.xcassets */,
				645778AA255196710069F247 /* Info.plist */,
				645778A7255196710069F247 /* Preview Content */,
			);
			path = StundenplanApp;
			sourceTree = "<group>";
		};
		645778A7255196710069F247 /* Preview Content */ = {
			isa = PBXGroup;
			children = (
				645778A8255196710069F247 /* Preview Assets.xcassets */,
			);
			path = "Preview Content";
			sourceTree = "<group>";
		};
		649714F125519E9E00193184 /* ViewVm */ = {
			isa = PBXGroup;
			children = (
				64E901EE2551A18E00BFDC2C /* Schedule */,
				64E901F32551A20B00BFDC2C /* Changes */,
				64E901E92551A0D600BFDC2C /* Settings */,
				649714F425519F5800193184 /* CustomViews */,
				649714F225519EC700193184 /* Main */,
			);
			path = ViewVm;
			sourceTree = "<group>";
		};
		649714F225519EC700193184 /* Main */ = {
			isa = PBXGroup;
			children = (
				645778A3255196700069F247 /* ContentView.swift */,
			);
			path = Main;
			sourceTree = "<group>";
		};
		649714F425519F5800193184 /* CustomViews */ = {
			isa = PBXGroup;
			children = (
			);
			path = CustomViews;
			sourceTree = "<group>";
		};
		64E901E92551A0D600BFDC2C /* Settings */ = {
			isa = PBXGroup;
			children = (
				6448226B25640EF600767A8F /* AllSemesterView */,
				64E9021D2551A7F100BFDC2C /* AllCoursesView */,
				64E901EA2551A0FC00BFDC2C /* SettingsView.swift */,
				6448227225641B2D00767A8F /* SettingsViewModel.swift */,
			);
			path = Settings;
			sourceTree = "<group>";
		};
		64E901EE2551A18E00BFDC2C /* Schedule */ = {
			isa = PBXGroup;
			children = (
				64E901EF2551A1A000BFDC2C /* ScheduleView.swift */,
			);
			path = Schedule;
			sourceTree = "<group>";
		};
		64E901F32551A20B00BFDC2C /* Changes */ = {
			isa = PBXGroup;
			children = (
				64E901F42551A21F00BFDC2C /* ChangesView.swift */,
			);
			path = Changes;
			sourceTree = "<group>";
		};
		64E901F92551A39B00BFDC2C /* Models */ = {
			isa = PBXGroup;
			children = (
				643DBF32255AE0CA00BC99CB /* UserModel */,
				64E901FA2551A3A600BFDC2C /* ServerModel */,
			);
			path = Models;
			sourceTree = "<group>";
		};
		64E901FA2551A3A600BFDC2C /* ServerModel */ = {
			isa = PBXGroup;
			children = (
				64E9022C2551B4C600BFDC2C /* Json */,
				64E9022E2551B56500BFDC2C /* ServerModel.swift */,
			);
			path = ServerModel;
			sourceTree = "<group>";
		};
		64E901FC2551A45B00BFDC2C /* Courses */ = {
			isa = PBXGroup;
			children = (
				64E902132551A62200BFDC2C /* Course.swift */,
				64E902112551A62200BFDC2C /* CoursesAfterTerm.swift */,
				64E902122551A62200BFDC2C /* Labels.swift */,
			);
			path = Courses;
			sourceTree = "<group>";
		};
		64E901FD2551A46400BFDC2C /* Changes */ = {
			isa = PBXGroup;
			children = (
				64E9020D2551A5FA00BFDC2C /* ChangesForCouseSemester.swift */,
				64E9020C2551A5FA00BFDC2C /* LectureChangeInfo.swift */,
			);
			path = Changes;
			sourceTree = "<group>";
		};
		64E901FE2551A46D00BFDC2C /* Schedule */ = {
			isa = PBXGroup;
			children = (
				64E901FF2551A53600BFDC2C /* ScheduleForCourseSemester.swift */,
			);
			path = Schedule;
			sourceTree = "<group>";
		};
		64E902182551A69200BFDC2C /* Combine */ = {
			isa = PBXGroup;
			children = (
				64E902192551A69B00BFDC2C /* ServerPipelines */,
			);
			path = Combine;
			sourceTree = "<group>";
		};
		64E902192551A69B00BFDC2C /* ServerPipelines */ = {
			isa = PBXGroup;
			children = (
				64E9021A2551A72000BFDC2C /* Pipelines.swift */,
			);
			path = ServerPipelines;
			sourceTree = "<group>";
		};
		64E9021D2551A7F100BFDC2C /* AllCoursesView */ = {
			isa = PBXGroup;
			children = (
				64E9021E2551A81500BFDC2C /* AllCoursesView.swift */,
				64E902282551ABC800BFDC2C /* AllCoursesViewModel.swift */,
			);
			path = AllCoursesView;
			sourceTree = "<group>";
		};
		64E9022C2551B4C600BFDC2C /* Json */ = {
			isa = PBXGroup;
			children = (
				64E901FE2551A46D00BFDC2C /* Schedule */,
				64E901FD2551A46400BFDC2C /* Changes */,
				64E901FC2551A45B00BFDC2C /* Courses */,
			);
			path = Json;
			sourceTree = "<group>";
		};
/* End PBXGroup section */

/* Begin PBXNativeTarget section */
		6457789D255196700069F247 /* StundenplanApp */ = {
			isa = PBXNativeTarget;
			buildConfigurationList = 645778AD255196710069F247 /* Build configuration list for PBXNativeTarget "StundenplanApp" */;
			buildPhases = (
				6457789A255196700069F247 /* Sources */,
				6457789B255196700069F247 /* Frameworks */,
				6457789C255196700069F247 /* Resources */,
			);
			buildRules = (
			);
			dependencies = (
			);
			name = StundenplanApp;
			productName = StundenplanApp;
			productReference = 6457789E255196700069F247 /* StundenplanApp.app */;
			productType = "com.apple.product-type.application";
		};
/* End PBXNativeTarget section */

/* Begin PBXProject section */
		64577896255196700069F247 /* Project object */ = {
			isa = PBXProject;
			attributes = {
				LastSwiftUpdateCheck = 1210;
				LastUpgradeCheck = 1210;
				TargetAttributes = {
					6457789D255196700069F247 = {
						CreatedOnToolsVersion = 12.1;
					};
				};
			};
			buildConfigurationList = 64577899255196700069F247 /* Build configuration list for PBXProject "StundenplanApp" */;
			compatibilityVersion = "Xcode 9.3";
			developmentRegion = en;
			hasScannedForEncodings = 0;
			knownRegions = (
				en,
				Base,
			);
			mainGroup = 64577895255196700069F247;
			productRefGroup = 6457789F255196700069F247 /* Products */;
			projectDirPath = "";
			projectRoot = "";
			targets = (
				6457789D255196700069F247 /* StundenplanApp */,
			);
		};
/* End PBXProject section */

/* Begin PBXResourcesBuildPhase section */
		6457789C255196700069F247 /* Resources */ = {
			isa = PBXResourcesBuildPhase;
			buildActionMask = 2147483647;
			files = (
				645778A9255196710069F247 /* Preview Assets.xcassets in Resources */,
				645778A6255196710069F247 /* Assets.xcassets in Resources */,
			);
			runOnlyForDeploymentPostprocessing = 0;
		};
/* End PBXResourcesBuildPhase section */

/* Begin PBXSourcesBuildPhase section */
		6457789A255196700069F247 /* Sources */ = {
			isa = PBXSourcesBuildPhase;
			buildActionMask = 2147483647;
			files = (
				64E901EB2551A0FC00BFDC2C /* SettingsView.swift in Sources */,
				64E902162551A62200BFDC2C /* Course.swift in Sources */,
				6448227025640F2400767A8F /* AllSemesterViewModel.swift in Sources */,
				64E902002551A53600BFDC2C /* ScheduleForCourseSemester.swift in Sources */,
				64E901F02551A1A000BFDC2C /* ScheduleView.swift in Sources */,
				6448227325641B2D00767A8F /* SettingsViewModel.swift in Sources */,
				645778A4255196700069F247 /* ContentView.swift in Sources */,
				645778A2255196700069F247 /* StundenplanAppApp.swift in Sources */,
				64E901F52551A21F00BFDC2C /* ChangesView.swift in Sources */,
				64E902292551ABC800BFDC2C /* AllCoursesViewModel.swift in Sources */,
				64E902152551A62200BFDC2C /* Labels.swift in Sources */,
				64E9020E2551A5FA00BFDC2C /* LectureChangeInfo.swift in Sources */,
				643DBF34255AE0FB00BC99CB /* UserModel.swift in Sources */,
				6448226D25640F1400767A8F /* AllSemesterView.swift in Sources */,
				64E9020F2551A5FA00BFDC2C /* ChangesForCouseSemester.swift in Sources */,
				64E902142551A62200BFDC2C /* CoursesAfterTerm.swift in Sources */,
				64E9022F2551B56500BFDC2C /* ServerModel.swift in Sources */,
				64E9021B2551A72000BFDC2C /* Pipelines.swift in Sources */,
				64E9021F2551A81500BFDC2C /* AllCoursesView.swift in Sources */,
			);
			runOnlyForDeploymentPostprocessing = 0;
		};
/* End PBXSourcesBuildPhase section */

/* Begin XCBuildConfiguration section */
		645778AB255196710069F247 /* Debug */ = {
			isa = XCBuildConfiguration;
			buildSettings = {
				ALWAYS_SEARCH_USER_PATHS = NO;
				CLANG_ANALYZER_NONNULL = YES;
				CLANG_ANALYZER_NUMBER_OBJECT_CONVERSION = YES_AGGRESSIVE;
				CLANG_CXX_LANGUAGE_STANDARD = "gnu++14";
				CLANG_CXX_LIBRARY = "libc++";
				CLANG_ENABLE_MODULES = YES;
				CLANG_ENABLE_OBJC_ARC = YES;
				CLANG_ENABLE_OBJC_WEAK = YES;
				CLANG_WARN_BLOCK_CAPTURE_AUTORELEASING = YES;
				CLANG_WARN_BOOL_CONVERSION = YES;
				CLANG_WARN_COMMA = YES;
				CLANG_WARN_CONSTANT_CONVERSION = YES;
				CLANG_WARN_DEPRECATED_OBJC_IMPLEMENTATIONS = YES;
				CLANG_WARN_DIRECT_OBJC_ISA_USAGE = YES_ERROR;
				CLANG_WARN_DOCUMENTATION_COMMENTS = YES;
				CLANG_WARN_EMPTY_BODY = YES;
				CLANG_WARN_ENUM_CONVERSION = YES;
				CLANG_WARN_INFINITE_RECURSION = YES;
				CLANG_WARN_INT_CONVERSION = YES;
				CLANG_WARN_NON_LITERAL_NULL_CONVERSION = YES;
				CLANG_WARN_OBJC_IMPLICIT_RETAIN_SELF = YES;
				CLANG_WARN_OBJC_LITERAL_CONVERSION = YES;
				CLANG_WARN_OBJC_ROOT_CLASS = YES_ERROR;
				CLANG_WARN_QUOTED_INCLUDE_IN_FRAMEWORK_HEADER = YES;
				CLANG_WARN_RANGE_LOOP_ANALYSIS = YES;
				CLANG_WARN_STRICT_PROTOTYPES = YES;
				CLANG_WARN_SUSPICIOUS_MOVE = YES;
				CLANG_WARN_UNGUARDED_AVAILABILITY = YES_AGGRESSIVE;
				CLANG_WARN_UNREACHABLE_CODE = YES;
				CLANG_WARN__DUPLICATE_METHOD_MATCH = YES;
				COPY_PHASE_STRIP = NO;
				DEBUG_INFORMATION_FORMAT = dwarf;
				ENABLE_STRICT_OBJC_MSGSEND = YES;
				ENABLE_TESTABILITY = YES;
				GCC_C_LANGUAGE_STANDARD = gnu11;
				GCC_DYNAMIC_NO_PIC = NO;
				GCC_NO_COMMON_BLOCKS = YES;
				GCC_OPTIMIZATION_LEVEL = 0;
				GCC_PREPROCESSOR_DEFINITIONS = (
					"DEBUG=1",
					"$(inherited)",
				);
				GCC_WARN_64_TO_32_BIT_CONVERSION = YES;
				GCC_WARN_ABOUT_RETURN_TYPE = YES_ERROR;
				GCC_WARN_UNDECLARED_SELECTOR = YES;
				GCC_WARN_UNINITIALIZED_AUTOS = YES_AGGRESSIVE;
				GCC_WARN_UNUSED_FUNCTION = YES;
				GCC_WARN_UNUSED_VARIABLE = YES;
				IPHONEOS_DEPLOYMENT_TARGET = 14.1;
				MTL_ENABLE_DEBUG_INFO = INCLUDE_SOURCE;
				MTL_FAST_MATH = YES;
				ONLY_ACTIVE_ARCH = YES;
				SDKROOT = iphoneos;
				SWIFT_ACTIVE_COMPILATION_CONDITIONS = DEBUG;
				SWIFT_OPTIMIZATION_LEVEL = "-Onone";
			};
			name = Debug;
		};
		645778AC255196710069F247 /* Release */ = {
			isa = XCBuildConfiguration;
			buildSettings = {
				ALWAYS_SEARCH_USER_PATHS = NO;
				CLANG_ANALYZER_NONNULL = YES;
				CLANG_ANALYZER_NUMBER_OBJECT_CONVERSION = YES_AGGRESSIVE;
				CLANG_CXX_LANGUAGE_STANDARD = "gnu++14";
				CLANG_CXX_LIBRARY = "libc++";
				CLANG_ENABLE_MODULES = YES;
				CLANG_ENABLE_OBJC_ARC = YES;
				CLANG_ENABLE_OBJC_WEAK = YES;
				CLANG_WARN_BLOCK_CAPTURE_AUTORELEASING = YES;
				CLANG_WARN_BOOL_CONVERSION = YES;
				CLANG_WARN_COMMA = YES;
				CLANG_WARN_CONSTANT_CONVERSION = YES;
				CLANG_WARN_DEPRECATED_OBJC_IMPLEMENTATIONS = YES;
				CLANG_WARN_DIRECT_OBJC_ISA_USAGE = YES_ERROR;
				CLANG_WARN_DOCUMENTATION_COMMENTS = YES;
				CLANG_WARN_EMPTY_BODY = YES;
				CLANG_WARN_ENUM_CONVERSION = YES;
				CLANG_WARN_INFINITE_RECURSION = YES;
				CLANG_WARN_INT_CONVERSION = YES;
				CLANG_WARN_NON_LITERAL_NULL_CONVERSION = YES;
				CLANG_WARN_OBJC_IMPLICIT_RETAIN_SELF = YES;
				CLANG_WARN_OBJC_LITERAL_CONVERSION = YES;
				CLANG_WARN_OBJC_ROOT_CLASS = YES_ERROR;
				CLANG_WARN_QUOTED_INCLUDE_IN_FRAMEWORK_HEADER = YES;
				CLANG_WARN_RANGE_LOOP_ANALYSIS = YES;
				CLANG_WARN_STRICT_PROTOTYPES = YES;
				CLANG_WARN_SUSPICIOUS_MOVE = YES;
				CLANG_WARN_UNGUARDED_AVAILABILITY = YES_AGGRESSIVE;
				CLANG_WARN_UNREACHABLE_CODE = YES;
				CLANG_WARN__DUPLICATE_METHOD_MATCH = YES;
				COPY_PHASE_STRIP = NO;
				DEBUG_INFORMATION_FORMAT = "dwarf-with-dsym";
				ENABLE_NS_ASSERTIONS = NO;
				ENABLE_STRICT_OBJC_MSGSEND = YES;
				GCC_C_LANGUAGE_STANDARD = gnu11;
				GCC_NO_COMMON_BLOCKS = YES;
				GCC_WARN_64_TO_32_BIT_CONVERSION = YES;
				GCC_WARN_ABOUT_RETURN_TYPE = YES_ERROR;
				GCC_WARN_UNDECLARED_SELECTOR = YES;
				GCC_WARN_UNINITIALIZED_AUTOS = YES_AGGRESSIVE;
				GCC_WARN_UNUSED_FUNCTION = YES;
				GCC_WARN_UNUSED_VARIABLE = YES;
				IPHONEOS_DEPLOYMENT_TARGET = 14.1;
				MTL_ENABLE_DEBUG_INFO = NO;
				MTL_FAST_MATH = YES;
				SDKROOT = iphoneos;
				SWIFT_COMPILATION_MODE = wholemodule;
				SWIFT_OPTIMIZATION_LEVEL = "-O";
				VALIDATE_PRODUCT = YES;
			};
			name = Release;
		};
		645778AE255196710069F247 /* Debug */ = {
			isa = XCBuildConfiguration;
			buildSettings = {
				ASSETCATALOG_COMPILER_APPICON_NAME = AppIcon;
				ASSETCATALOG_COMPILER_GLOBAL_ACCENT_COLOR_NAME = AccentColor;
				CODE_SIGN_STYLE = Automatic;
				DEVELOPMENT_ASSET_PATHS = "\"StundenplanApp/Preview Content\"";
				DEVELOPMENT_TEAM = 4W5J7AW36V;
				ENABLE_PREVIEWS = YES;
				INFOPLIST_FILE = StundenplanApp/Info.plist;
				IPHONEOS_DEPLOYMENT_TARGET = 14.0;
				LD_RUNPATH_SEARCH_PATHS = (
					"$(inherited)",
					"@executable_path/Frameworks",
				);
				PRODUCT_BUNDLE_IDENTIFIER = "de.hof-university.StundenplanApp";
				PRODUCT_NAME = "$(TARGET_NAME)";
				SWIFT_VERSION = 5.0;
				TARGETED_DEVICE_FAMILY = "1,2";
			};
			name = Debug;
		};
		645778AF255196710069F247 /* Release */ = {
			isa = XCBuildConfiguration;
			buildSettings = {
				ASSETCATALOG_COMPILER_APPICON_NAME = AppIcon;
				ASSETCATALOG_COMPILER_GLOBAL_ACCENT_COLOR_NAME = AccentColor;
				CODE_SIGN_STYLE = Automatic;
				DEVELOPMENT_ASSET_PATHS = "\"StundenplanApp/Preview Content\"";
				DEVELOPMENT_TEAM = 4W5J7AW36V;
				ENABLE_PREVIEWS = YES;
				INFOPLIST_FILE = StundenplanApp/Info.plist;
				IPHONEOS_DEPLOYMENT_TARGET = 14.0;
				LD_RUNPATH_SEARCH_PATHS = (
					"$(inherited)",
					"@executable_path/Frameworks",
				);
				PRODUCT_BUNDLE_IDENTIFIER = "de.hof-university.StundenplanApp";
				PRODUCT_NAME = "$(TARGET_NAME)";
				SWIFT_VERSION = 5.0;
				TARGETED_DEVICE_FAMILY = "1,2";
			};
			name = Release;
		};
/* End XCBuildConfiguration section */

/* Begin XCConfigurationList section */
		64577899255196700069F247 /* Build configuration list for PBXProject "StundenplanApp" */ = {
			isa = XCConfigurationList;
			buildConfigurations = (
				645778AB255196710069F247 /* Debug */,
				645778AC255196710069F247 /* Release */,
			);
			defaultConfigurationIsVisible = 0;
			defaultConfigurationName = Release;
		};
		645778AD255196710069F247 /* Build configuration list for PBXNativeTarget "StundenplanApp" */ = {
			isa = XCConfigurationList;
			buildConfigurations = (
				645778AE255196710069F247 /* Debug */,
				645778AF255196710069F247 /* Release */,
			);
			defaultConfigurationIsVisible = 0;
			defaultConfigurationName = Release;
		};
/* End XCConfigurationList section */
	};
	rootObject = 64577896255196700069F247 /* Project object */;
}
