// !$*UTF8*$!
{
	archiveVersion = 1;
	classes = {
	};
	objectVersion = 50;
	objects = {

/* Begin PBXBuildFile section */
		BC72C563253F195C00A2493E /* Pipelines.swift in Sources */ = {isa = PBXBuildFile; fileRef = BC72C562253F195C00A2493E /* Pipelines.swift */; };
		BC72C571253F1B5100A2493E /* Semester.swift in Sources */ = {isa = PBXBuildFile; fileRef = BC72C566253F1B5000A2493E /* Semester.swift */; };
		BC72C572253F1B5100A2493E /* Constants.swift in Sources */ = {isa = PBXBuildFile; fileRef = BC72C567253F1B5000A2493E /* Constants.swift */; };
		BC72C573253F1B5100A2493E /* ServerData in Resources */ = {isa = PBXBuildFile; fileRef = BC72C568253F1B5000A2493E /* ServerData */; };
		BC72C574253F1B5100A2493E /* DataObjectPersistency.swift in Sources */ = {isa = PBXBuildFile; fileRef = BC72C569253F1B5000A2493E /* DataObjectPersistency.swift */; };
		BC72C575253F1B5100A2493E /* Lecture.swift in Sources */ = {isa = PBXBuildFile; fileRef = BC72C56A253F1B5000A2493E /* Lecture.swift */; };
		BC72C576253F1B5100A2493E /* SelectionData in Resources */ = {isa = PBXBuildFile; fileRef = BC72C56B253F1B5000A2493E /* SelectionData */; };
		BC72C577253F1B5100A2493E /* ServerData.swift in Sources */ = {isa = PBXBuildFile; fileRef = BC72C56C253F1B5100A2493E /* ServerData.swift */; };
		BC72C578253F1B5100A2493E /* Course.swift in Sources */ = {isa = PBXBuildFile; fileRef = BC72C56D253F1B5100A2493E /* Course.swift */; };
		BC72C579253F1B5100A2493E /* Schedule.swift in Sources */ = {isa = PBXBuildFile; fileRef = BC72C56E253F1B5100A2493E /* Schedule.swift */; };
		BC72C57A253F1B5100A2493E /* ChangedLecture.swift in Sources */ = {isa = PBXBuildFile; fileRef = BC72C56F253F1B5100A2493E /* ChangedLecture.swift */; };
		BC72C57B253F1B5100A2493E /* UserData in Resources */ = {isa = PBXBuildFile; fileRef = BC72C570253F1B5100A2493E /* UserData */; };
		BC72C581253F1B6800A2493E /* UserData.swift in Sources */ = {isa = PBXBuildFile; fileRef = BC72C57D253F1B6700A2493E /* UserData.swift */; };
		CD81003D253F17EF0027B1A4 /* CombinePipelineApp.swift in Sources */ = {isa = PBXBuildFile; fileRef = CD81003C253F17EF0027B1A4 /* CombinePipelineApp.swift */; };
		CD81003F253F17EF0027B1A4 /* ContentView.swift in Sources */ = {isa = PBXBuildFile; fileRef = CD81003E253F17EF0027B1A4 /* ContentView.swift */; };
		CD810041253F17F00027B1A4 /* Assets.xcassets in Resources */ = {isa = PBXBuildFile; fileRef = CD810040253F17F00027B1A4 /* Assets.xcassets */; };
		CD810044253F17F00027B1A4 /* Preview Assets.xcassets in Resources */ = {isa = PBXBuildFile; fileRef = CD810043253F17F00027B1A4 /* Preview Assets.xcassets */; };
/* End PBXBuildFile section */

/* Begin PBXFileReference section */
		BC72C562253F195C00A2493E /* Pipelines.swift */ = {isa = PBXFileReference; lastKnownFileType = sourcecode.swift; path = Pipelines.swift; sourceTree = "<group>"; };
		BC72C566253F1B5000A2493E /* Semester.swift */ = {isa = PBXFileReference; fileEncoding = 4; lastKnownFileType = sourcecode.swift; path = Semester.swift; sourceTree = "<group>"; };
		BC72C567253F1B5000A2493E /* Constants.swift */ = {isa = PBXFileReference; fileEncoding = 4; lastKnownFileType = sourcecode.swift; path = Constants.swift; sourceTree = "<group>"; };
		BC72C568253F1B5000A2493E /* ServerData */ = {isa = PBXFileReference; lastKnownFileType = folder; path = ServerData; sourceTree = "<group>"; };
		BC72C569253F1B5000A2493E /* DataObjectPersistency.swift */ = {isa = PBXFileReference; fileEncoding = 4; lastKnownFileType = sourcecode.swift; path = DataObjectPersistency.swift; sourceTree = "<group>"; };
		BC72C56A253F1B5000A2493E /* Lecture.swift */ = {isa = PBXFileReference; fileEncoding = 4; lastKnownFileType = sourcecode.swift; path = Lecture.swift; sourceTree = "<group>"; };
		BC72C56B253F1B5000A2493E /* SelectionData */ = {isa = PBXFileReference; lastKnownFileType = folder; path = SelectionData; sourceTree = "<group>"; };
		BC72C56C253F1B5100A2493E /* ServerData.swift */ = {isa = PBXFileReference; fileEncoding = 4; lastKnownFileType = sourcecode.swift; path = ServerData.swift; sourceTree = "<group>"; };
		BC72C56D253F1B5100A2493E /* Course.swift */ = {isa = PBXFileReference; fileEncoding = 4; lastKnownFileType = sourcecode.swift; path = Course.swift; sourceTree = "<group>"; };
		BC72C56E253F1B5100A2493E /* Schedule.swift */ = {isa = PBXFileReference; fileEncoding = 4; lastKnownFileType = sourcecode.swift; path = Schedule.swift; sourceTree = "<group>"; };
		BC72C56F253F1B5100A2493E /* ChangedLecture.swift */ = {isa = PBXFileReference; fileEncoding = 4; lastKnownFileType = sourcecode.swift; path = ChangedLecture.swift; sourceTree = "<group>"; };
		BC72C570253F1B5100A2493E /* UserData */ = {isa = PBXFileReference; lastKnownFileType = folder; path = UserData; sourceTree = "<group>"; };
		BC72C57D253F1B6700A2493E /* UserData.swift */ = {isa = PBXFileReference; fileEncoding = 4; lastKnownFileType = sourcecode.swift; path = UserData.swift; sourceTree = "<group>"; };
		CD810039253F17EF0027B1A4 /* CombinePipeline.app */ = {isa = PBXFileReference; explicitFileType = wrapper.application; includeInIndex = 0; path = CombinePipeline.app; sourceTree = BUILT_PRODUCTS_DIR; };
		CD81003C253F17EF0027B1A4 /* CombinePipelineApp.swift */ = {isa = PBXFileReference; lastKnownFileType = sourcecode.swift; path = CombinePipelineApp.swift; sourceTree = "<group>"; };
		CD81003E253F17EF0027B1A4 /* ContentView.swift */ = {isa = PBXFileReference; lastKnownFileType = sourcecode.swift; path = ContentView.swift; sourceTree = "<group>"; };
		CD810040253F17F00027B1A4 /* Assets.xcassets */ = {isa = PBXFileReference; lastKnownFileType = folder.assetcatalog; path = Assets.xcassets; sourceTree = "<group>"; };
		CD810043253F17F00027B1A4 /* Preview Assets.xcassets */ = {isa = PBXFileReference; lastKnownFileType = folder.assetcatalog; path = "Preview Assets.xcassets"; sourceTree = "<group>"; };
		CD810045253F17F00027B1A4 /* Info.plist */ = {isa = PBXFileReference; lastKnownFileType = text.plist.xml; path = Info.plist; sourceTree = "<group>"; };
/* End PBXFileReference section */

/* Begin PBXFrameworksBuildPhase section */
		CD810036253F17EF0027B1A4 /* Frameworks */ = {
			isa = PBXFrameworksBuildPhase;
			buildActionMask = 2147483647;
			files = (
			);
			runOnlyForDeploymentPostprocessing = 0;
		};
/* End PBXFrameworksBuildPhase section */

/* Begin PBXGroup section */
		CD810030253F17EF0027B1A4 = {
			isa = PBXGroup;
			children = (
				CD81003B253F17EF0027B1A4 /* CombinePipeline */,
				CD81003A253F17EF0027B1A4 /* Products */,
			);
			sourceTree = "<group>";
		};
		CD81003A253F17EF0027B1A4 /* Products */ = {
			isa = PBXGroup;
			children = (
				CD810039253F17EF0027B1A4 /* CombinePipeline.app */,
			);
			name = Products;
			sourceTree = "<group>";
		};
		CD81003B253F17EF0027B1A4 /* CombinePipeline */ = {
			isa = PBXGroup;
			children = (
				BC72C57D253F1B6700A2493E /* UserData.swift */,
				BC72C56F253F1B5100A2493E /* ChangedLecture.swift */,
				BC72C567253F1B5000A2493E /* Constants.swift */,
				BC72C56D253F1B5100A2493E /* Course.swift */,
				BC72C569253F1B5000A2493E /* DataObjectPersistency.swift */,
				BC72C56A253F1B5000A2493E /* Lecture.swift */,
				BC72C56E253F1B5100A2493E /* Schedule.swift */,
				BC72C56B253F1B5000A2493E /* SelectionData */,
				BC72C566253F1B5000A2493E /* Semester.swift */,
				BC72C568253F1B5000A2493E /* ServerData */,
				BC72C56C253F1B5100A2493E /* ServerData.swift */,
				BC72C570253F1B5100A2493E /* UserData */,
				CD81003C253F17EF0027B1A4 /* CombinePipelineApp.swift */,
				CD81003E253F17EF0027B1A4 /* ContentView.swift */,
				CD810040253F17F00027B1A4 /* Assets.xcassets */,
				CD810045253F17F00027B1A4 /* Info.plist */,
				CD810042253F17F00027B1A4 /* Preview Content */,
				BC72C562253F195C00A2493E /* Pipelines.swift */,
			);
			path = CombinePipeline;
			sourceTree = "<group>";
		};
		CD810042253F17F00027B1A4 /* Preview Content */ = {
			isa = PBXGroup;
			children = (
				CD810043253F17F00027B1A4 /* Preview Assets.xcassets */,
			);
			path = "Preview Content";
			sourceTree = "<group>";
		};
/* End PBXGroup section */

/* Begin PBXNativeTarget section */
		CD810038253F17EF0027B1A4 /* CombinePipeline */ = {
			isa = PBXNativeTarget;
			buildConfigurationList = CD810048253F17F00027B1A4 /* Build configuration list for PBXNativeTarget "CombinePipeline" */;
			buildPhases = (
				CD810035253F17EF0027B1A4 /* Sources */,
				CD810036253F17EF0027B1A4 /* Frameworks */,
				CD810037253F17EF0027B1A4 /* Resources */,
			);
			buildRules = (
			);
			dependencies = (
			);
			name = CombinePipeline;
			productName = CombinePipeline;
			productReference = CD810039253F17EF0027B1A4 /* CombinePipeline.app */;
			productType = "com.apple.product-type.application";
		};
/* End PBXNativeTarget section */

/* Begin PBXProject section */
		CD810031253F17EF0027B1A4 /* Project object */ = {
			isa = PBXProject;
			attributes = {
				LastSwiftUpdateCheck = 1200;
				LastUpgradeCheck = 1200;
				TargetAttributes = {
					CD810038253F17EF0027B1A4 = {
						CreatedOnToolsVersion = 12.0.1;
					};
				};
			};
			buildConfigurationList = CD810034253F17EF0027B1A4 /* Build configuration list for PBXProject "CombinePipeline" */;
			compatibilityVersion = "Xcode 9.3";
			developmentRegion = en;
			hasScannedForEncodings = 0;
			knownRegions = (
				en,
				Base,
			);
			mainGroup = CD810030253F17EF0027B1A4;
			productRefGroup = CD81003A253F17EF0027B1A4 /* Products */;
			projectDirPath = "";
			projectRoot = "";
			targets = (
				CD810038253F17EF0027B1A4 /* CombinePipeline */,
			);
		};
/* End PBXProject section */

/* Begin PBXResourcesBuildPhase section */
		CD810037253F17EF0027B1A4 /* Resources */ = {
			isa = PBXResourcesBuildPhase;
			buildActionMask = 2147483647;
			files = (
				CD810044253F17F00027B1A4 /* Preview Assets.xcassets in Resources */,
				BC72C57B253F1B5100A2493E /* UserData in Resources */,
				BC72C576253F1B5100A2493E /* SelectionData in Resources */,
				CD810041253F17F00027B1A4 /* Assets.xcassets in Resources */,
				BC72C573253F1B5100A2493E /* ServerData in Resources */,
			);
			runOnlyForDeploymentPostprocessing = 0;
		};
/* End PBXResourcesBuildPhase section */

/* Begin PBXSourcesBuildPhase section */
		CD810035253F17EF0027B1A4 /* Sources */ = {
			isa = PBXSourcesBuildPhase;
			buildActionMask = 2147483647;
			files = (
				BC72C57A253F1B5100A2493E /* ChangedLecture.swift in Sources */,
				BC72C578253F1B5100A2493E /* Course.swift in Sources */,
				BC72C574253F1B5100A2493E /* DataObjectPersistency.swift in Sources */,
				BC72C572253F1B5100A2493E /* Constants.swift in Sources */,
				CD81003F253F17EF0027B1A4 /* ContentView.swift in Sources */,
				BC72C571253F1B5100A2493E /* Semester.swift in Sources */,
				BC72C581253F1B6800A2493E /* UserData.swift in Sources */,
				BC72C577253F1B5100A2493E /* ServerData.swift in Sources */,
				BC72C575253F1B5100A2493E /* Lecture.swift in Sources */,
				CD81003D253F17EF0027B1A4 /* CombinePipelineApp.swift in Sources */,
				BC72C579253F1B5100A2493E /* Schedule.swift in Sources */,
				BC72C563253F195C00A2493E /* Pipelines.swift in Sources */,
			);
			runOnlyForDeploymentPostprocessing = 0;
		};
/* End PBXSourcesBuildPhase section */

/* Begin XCBuildConfiguration section */
		CD810046253F17F00027B1A4 /* Debug */ = {
			isa = XCBuildConfiguration;
			buildSettings = {
				ALWAYS_SEARCH_USER_PATHS = NO;
				CLANG_ANALYZER_NONNULL = YES;
				CLANG_ANALYZER_NUMBER_OBJECT_CONVERSION = YES_AGGRESSIVE;
				CLANG_CXX_LANGUAGE_STANDARD = "gnu++14";
				CLANG_CXX_LIBRARY = "libc++";
				CLANG_ENABLE_MODULES = YES;
				CLANG_ENABLE_OBJC_ARC = YES;
				CLANG_ENABLE_OBJC_WEAK = YES;
				CLANG_WARN_BLOCK_CAPTURE_AUTORELEASING = YES;
				CLANG_WARN_BOOL_CONVERSION = YES;
				CLANG_WARN_COMMA = YES;
				CLANG_WARN_CONSTANT_CONVERSION = YES;
				CLANG_WARN_DEPRECATED_OBJC_IMPLEMENTATIONS = YES;
				CLANG_WARN_DIRECT_OBJC_ISA_USAGE = YES_ERROR;
				CLANG_WARN_DOCUMENTATION_COMMENTS = YES;
				CLANG_WARN_EMPTY_BODY = YES;
				CLANG_WARN_ENUM_CONVERSION = YES;
				CLANG_WARN_INFINITE_RECURSION = YES;
				CLANG_WARN_INT_CONVERSION = YES;
				CLANG_WARN_NON_LITERAL_NULL_CONVERSION = YES;
				CLANG_WARN_OBJC_IMPLICIT_RETAIN_SELF = YES;
				CLANG_WARN_OBJC_LITERAL_CONVERSION = YES;
				CLANG_WARN_OBJC_ROOT_CLASS = YES_ERROR;
				CLANG_WARN_QUOTED_INCLUDE_IN_FRAMEWORK_HEADER = YES;
				CLANG_WARN_RANGE_LOOP_ANALYSIS = YES;
				CLANG_WARN_STRICT_PROTOTYPES = YES;
				CLANG_WARN_SUSPICIOUS_MOVE = YES;
				CLANG_WARN_UNGUARDED_AVAILABILITY = YES_AGGRESSIVE;
				CLANG_WARN_UNREACHABLE_CODE = YES;
				CLANG_WARN__DUPLICATE_METHOD_MATCH = YES;
				COPY_PHASE_STRIP = NO;
				DEBUG_INFORMATION_FORMAT = dwarf;
				ENABLE_STRICT_OBJC_MSGSEND = YES;
				ENABLE_TESTABILITY = YES;
				GCC_C_LANGUAGE_STANDARD = gnu11;
				GCC_DYNAMIC_NO_PIC = NO;
				GCC_NO_COMMON_BLOCKS = YES;
				GCC_OPTIMIZATION_LEVEL = 0;
				GCC_PREPROCESSOR_DEFINITIONS = (
					"DEBUG=1",
					"$(inherited)",
				);
				GCC_WARN_64_TO_32_BIT_CONVERSION = YES;
				GCC_WARN_ABOUT_RETURN_TYPE = YES_ERROR;
				GCC_WARN_UNDECLARED_SELECTOR = YES;
				GCC_WARN_UNINITIALIZED_AUTOS = YES_AGGRESSIVE;
				GCC_WARN_UNUSED_FUNCTION = YES;
				GCC_WARN_UNUSED_VARIABLE = YES;
				IPHONEOS_DEPLOYMENT_TARGET = 14.0;
				MTL_ENABLE_DEBUG_INFO = INCLUDE_SOURCE;
				MTL_FAST_MATH = YES;
				ONLY_ACTIVE_ARCH = YES;
				SDKROOT = iphoneos;
				SWIFT_ACTIVE_COMPILATION_CONDITIONS = DEBUG;
				SWIFT_OPTIMIZATION_LEVEL = "-Onone";
			};
			name = Debug;
		};
		CD810047253F17F00027B1A4 /* Release */ = {
			isa = XCBuildConfiguration;
			buildSettings = {
				ALWAYS_SEARCH_USER_PATHS = NO;
				CLANG_ANALYZER_NONNULL = YES;
				CLANG_ANALYZER_NUMBER_OBJECT_CONVERSION = YES_AGGRESSIVE;
				CLANG_CXX_LANGUAGE_STANDARD = "gnu++14";
				CLANG_CXX_LIBRARY = "libc++";
				CLANG_ENABLE_MODULES = YES;
				CLANG_ENABLE_OBJC_ARC = YES;
				CLANG_ENABLE_OBJC_WEAK = YES;
				CLANG_WARN_BLOCK_CAPTURE_AUTORELEASING = YES;
				CLANG_WARN_BOOL_CONVERSION = YES;
				CLANG_WARN_COMMA = YES;
				CLANG_WARN_CONSTANT_CONVERSION = YES;
				CLANG_WARN_DEPRECATED_OBJC_IMPLEMENTATIONS = YES;
				CLANG_WARN_DIRECT_OBJC_ISA_USAGE = YES_ERROR;
				CLANG_WARN_DOCUMENTATION_COMMENTS = YES;
				CLANG_WARN_EMPTY_BODY = YES;
				CLANG_WARN_ENUM_CONVERSION = YES;
				CLANG_WARN_INFINITE_RECURSION = YES;
				CLANG_WARN_INT_CONVERSION = YES;
				CLANG_WARN_NON_LITERAL_NULL_CONVERSION = YES;
				CLANG_WARN_OBJC_IMPLICIT_RETAIN_SELF = YES;
				CLANG_WARN_OBJC_LITERAL_CONVERSION = YES;
				CLANG_WARN_OBJC_ROOT_CLASS = YES_ERROR;
				CLANG_WARN_QUOTED_INCLUDE_IN_FRAMEWORK_HEADER = YES;
				CLANG_WARN_RANGE_LOOP_ANALYSIS = YES;
				CLANG_WARN_STRICT_PROTOTYPES = YES;
				CLANG_WARN_SUSPICIOUS_MOVE = YES;
				CLANG_WARN_UNGUARDED_AVAILABILITY = YES_AGGRESSIVE;
				CLANG_WARN_UNREACHABLE_CODE = YES;
				CLANG_WARN__DUPLICATE_METHOD_MATCH = YES;
				COPY_PHASE_STRIP = NO;
				DEBUG_INFORMATION_FORMAT = "dwarf-with-dsym";
				ENABLE_NS_ASSERTIONS = NO;
				ENABLE_STRICT_OBJC_MSGSEND = YES;
				GCC_C_LANGUAGE_STANDARD = gnu11;
				GCC_NO_COMMON_BLOCKS = YES;
				GCC_WARN_64_TO_32_BIT_CONVERSION = YES;
				GCC_WARN_ABOUT_RETURN_TYPE = YES_ERROR;
				GCC_WARN_UNDECLARED_SELECTOR = YES;
				GCC_WARN_UNINITIALIZED_AUTOS = YES_AGGRESSIVE;
				GCC_WARN_UNUSED_FUNCTION = YES;
				GCC_WARN_UNUSED_VARIABLE = YES;
				IPHONEOS_DEPLOYMENT_TARGET = 14.0;
				MTL_ENABLE_DEBUG_INFO = NO;
				MTL_FAST_MATH = YES;
				SDKROOT = iphoneos;
				SWIFT_COMPILATION_MODE = wholemodule;
				SWIFT_OPTIMIZATION_LEVEL = "-O";
				VALIDATE_PRODUCT = YES;
			};
			name = Release;
		};
		CD810049253F17F00027B1A4 /* Debug */ = {
			isa = XCBuildConfiguration;
			buildSettings = {
				ASSETCATALOG_COMPILER_APPICON_NAME = AppIcon;
				ASSETCATALOG_COMPILER_GLOBAL_ACCENT_COLOR_NAME = AccentColor;
				CODE_SIGN_STYLE = Automatic;
				DEVELOPMENT_ASSET_PATHS = "\"CombinePipeline/Preview Content\"";
				ENABLE_PREVIEWS = YES;
				INFOPLIST_FILE = CombinePipeline/Info.plist;
				IPHONEOS_DEPLOYMENT_TARGET = 14.0;
				LD_RUNPATH_SEARCH_PATHS = (
					"$(inherited)",
					"@executable_path/Frameworks",
				);
				PRODUCT_BUNDLE_IDENTIFIER = "ws20-21-arch.CombinePipeline";
				PRODUCT_NAME = "$(TARGET_NAME)";
				SWIFT_VERSION = 5.0;
				TARGETED_DEVICE_FAMILY = "1,2";
			};
			name = Debug;
		};
		CD81004A253F17F00027B1A4 /* Release */ = {
			isa = XCBuildConfiguration;
			buildSettings = {
				ASSETCATALOG_COMPILER_APPICON_NAME = AppIcon;
				ASSETCATALOG_COMPILER_GLOBAL_ACCENT_COLOR_NAME = AccentColor;
				CODE_SIGN_STYLE = Automatic;
				DEVELOPMENT_ASSET_PATHS = "\"CombinePipeline/Preview Content\"";
				ENABLE_PREVIEWS = YES;
				INFOPLIST_FILE = CombinePipeline/Info.plist;
				IPHONEOS_DEPLOYMENT_TARGET = 14.0;
				LD_RUNPATH_SEARCH_PATHS = (
					"$(inherited)",
					"@executable_path/Frameworks",
				);
				PRODUCT_BUNDLE_IDENTIFIER = "ws20-21-arch.CombinePipeline";
				PRODUCT_NAME = "$(TARGET_NAME)";
				SWIFT_VERSION = 5.0;
				TARGETED_DEVICE_FAMILY = "1,2";
			};
			name = Release;
		};
/* End XCBuildConfiguration section */

/* Begin XCConfigurationList section */
		CD810034253F17EF0027B1A4 /* Build configuration list for PBXProject "CombinePipeline" */ = {
			isa = XCConfigurationList;
			buildConfigurations = (
				CD810046253F17F00027B1A4 /* Debug */,
				CD810047253F17F00027B1A4 /* Release */,
			);
			defaultConfigurationIsVisible = 0;
			defaultConfigurationName = Release;
		};
		CD810048253F17F00027B1A4 /* Build configuration list for PBXNativeTarget "CombinePipeline" */ = {
			isa = XCConfigurationList;
			buildConfigurations = (
				CD810049253F17F00027B1A4 /* Debug */,
				CD81004A253F17F00027B1A4 /* Release */,
			);
			defaultConfigurationIsVisible = 0;
			defaultConfigurationName = Release;
		};
/* End XCConfigurationList section */
	};
	rootObject = CD810031253F17EF0027B1A4 /* Project object */;
}
