// !$*UTF8*$!
{
	archiveVersion = 1;
	classes = {
	};
	objectVersion = 50;
	objects = {

/* Begin PBXBuildFile section */
		FA64773B255AD97A001850CF /* ScreensPart1App.swift in Sources */ = {isa = PBXBuildFile; fileRef = FA64773A255AD97A001850CF /* ScreensPart1App.swift */; };
		FA64773D255AD97A001850CF /* ContentView.swift in Sources */ = {isa = PBXBuildFile; fileRef = FA64773C255AD97A001850CF /* ContentView.swift */; };
		FA64773F255AD97E001850CF /* Assets.xcassets in Resources */ = {isa = PBXBuildFile; fileRef = FA64773E255AD97E001850CF /* Assets.xcassets */; };
		FA647742255AD97E001850CF /* Preview Assets.xcassets in Resources */ = {isa = PBXBuildFile; fileRef = FA647741255AD97E001850CF /* Preview Assets.xcassets */; };
		FA64774B2564077B001850CF /* ViewModelData.swift in Sources */ = {isa = PBXBuildFile; fileRef = FA64774A2564077B001850CF /* ViewModelData.swift */; };
		FA881371257673F20001D96F /* ScheduleView.swift in Sources */ = {isa = PBXBuildFile; fileRef = FA881370257673F20001D96F /* ScheduleView.swift */; };
		FA881374257673FD0001D96F /* ScheduleViewModel.swift in Sources */ = {isa = PBXBuildFile; fileRef = FA881373257673FD0001D96F /* ScheduleViewModel.swift */; };
		FA8813782576797C0001D96F /* Constants.swift in Sources */ = {isa = PBXBuildFile; fileRef = FA8813772576797C0001D96F /* Constants.swift */; };
		FA8813842576A5AF0001D96F /* UserModel.swift in Sources */ = {isa = PBXBuildFile; fileRef = FA8813832576A5AF0001D96F /* UserModel.swift */; };
/* End PBXBuildFile section */

/* Begin PBXFileReference section */
		FA647737255AD97A001850CF /* ScreensPart1.app */ = {isa = PBXFileReference; explicitFileType = wrapper.application; includeInIndex = 0; path = ScreensPart1.app; sourceTree = BUILT_PRODUCTS_DIR; };
		FA64773A255AD97A001850CF /* ScreensPart1App.swift */ = {isa = PBXFileReference; lastKnownFileType = sourcecode.swift; path = ScreensPart1App.swift; sourceTree = "<group>"; };
		FA64773C255AD97A001850CF /* ContentView.swift */ = {isa = PBXFileReference; lastKnownFileType = sourcecode.swift; path = ContentView.swift; sourceTree = "<group>"; };
		FA64773E255AD97E001850CF /* Assets.xcassets */ = {isa = PBXFileReference; lastKnownFileType = folder.assetcatalog; path = Assets.xcassets; sourceTree = "<group>"; };
		FA647741255AD97E001850CF /* Preview Assets.xcassets */ = {isa = PBXFileReference; lastKnownFileType = folder.assetcatalog; path = "Preview Assets.xcassets"; sourceTree = "<group>"; };
		FA647743255AD97E001850CF /* Info.plist */ = {isa = PBXFileReference; lastKnownFileType = text.plist.xml; path = Info.plist; sourceTree = "<group>"; };
		FA64774A2564077B001850CF /* ViewModelData.swift */ = {isa = PBXFileReference; lastKnownFileType = sourcecode.swift; path = ViewModelData.swift; sourceTree = "<group>"; };
		FA881370257673F20001D96F /* ScheduleView.swift */ = {isa = PBXFileReference; lastKnownFileType = sourcecode.swift; path = ScheduleView.swift; sourceTree = "<group>"; };
		FA881373257673FD0001D96F /* ScheduleViewModel.swift */ = {isa = PBXFileReference; lastKnownFileType = sourcecode.swift; path = ScheduleViewModel.swift; sourceTree = "<group>"; };
		FA8813772576797C0001D96F /* Constants.swift */ = {isa = PBXFileReference; lastKnownFileType = sourcecode.swift; path = Constants.swift; sourceTree = "<group>"; };
		FA8813832576A5AF0001D96F /* UserModel.swift */ = {isa = PBXFileReference; fileEncoding = 4; lastKnownFileType = sourcecode.swift; path = UserModel.swift; sourceTree = "<group>"; };
/* End PBXFileReference section */

/* Begin PBXFrameworksBuildPhase section */
		FA647734255AD97A001850CF /* Frameworks */ = {
			isa = PBXFrameworksBuildPhase;
			buildActionMask = 2147483647;
			files = (
			);
			runOnlyForDeploymentPostprocessing = 0;
		};
/* End PBXFrameworksBuildPhase section */

/* Begin PBXGroup section */
		FA64772E255AD97A001850CF = {
			isa = PBXGroup;
			children = (
				FA647739255AD97A001850CF /* ScreensPart1 */,
				FA647738255AD97A001850CF /* Products */,
			);
			sourceTree = "<group>";
		};
		FA647738255AD97A001850CF /* Products */ = {
			isa = PBXGroup;
			children = (
				FA647737255AD97A001850CF /* ScreensPart1.app */,
			);
			name = Products;
			sourceTree = "<group>";
		};
		FA647739255AD97A001850CF /* ScreensPart1 */ = {
			isa = PBXGroup;
			children = (
				FA881380257691ED0001D96F /* PrototypeModelData */,
				FA64773A255AD97A001850CF /* ScreensPart1App.swift */,
				FA64773C255AD97A001850CF /* ContentView.swift */,
				FA64773E255AD97E001850CF /* Assets.xcassets */,
				FA647743255AD97E001850CF /* Info.plist */,
				FA647740255AD97E001850CF /* Preview Content */,
				FA64774A2564077B001850CF /* ViewModelData.swift */,
				FA881370257673F20001D96F /* ScheduleView.swift */,
				FA881373257673FD0001D96F /* ScheduleViewModel.swift */,
				FA8813772576797C0001D96F /* Constants.swift */,
			);
			path = ScreensPart1;
			sourceTree = "<group>";
		};
		FA647740255AD97E001850CF /* Preview Content */ = {
			isa = PBXGroup;
			children = (
				FA647741255AD97E001850CF /* Preview Assets.xcassets */,
			);
			path = "Preview Content";
			sourceTree = "<group>";
		};
		FA881380257691ED0001D96F /* PrototypeModelData */ = {
			isa = PBXGroup;
			children = (
				FA8813832576A5AF0001D96F /* UserModel.swift */,
			);
			path = PrototypeModelData;
			sourceTree = "<group>";
		};
/* End PBXGroup section */

/* Begin PBXNativeTarget section */
		FA647736255AD97A001850CF /* ScreensPart1 */ = {
			isa = PBXNativeTarget;
			buildConfigurationList = FA647746255AD97E001850CF /* Build configuration list for PBXNativeTarget "ScreensPart1" */;
			buildPhases = (
				FA647733255AD97A001850CF /* Sources */,
				FA647734255AD97A001850CF /* Frameworks */,
				FA647735255AD97A001850CF /* Resources */,
			);
			buildRules = (
			);
			dependencies = (
			);
			name = ScreensPart1;
			productName = ScreensPart1;
			productReference = FA647737255AD97A001850CF /* ScreensPart1.app */;
			productType = "com.apple.product-type.application";
		};
/* End PBXNativeTarget section */

/* Begin PBXProject section */
		FA64772F255AD97A001850CF /* Project object */ = {
			isa = PBXProject;
			attributes = {
				LastSwiftUpdateCheck = 1200;
				LastUpgradeCheck = 1200;
				TargetAttributes = {
					FA647736255AD97A001850CF = {
						CreatedOnToolsVersion = 12.0.1;
					};
				};
			};
			buildConfigurationList = FA647732255AD97A001850CF /* Build configuration list for PBXProject "ScreensPart1" */;
			compatibilityVersion = "Xcode 9.3";
			developmentRegion = en;
			hasScannedForEncodings = 0;
			knownRegions = (
				en,
				Base,
			);
			mainGroup = FA64772E255AD97A001850CF;
			productRefGroup = FA647738255AD97A001850CF /* Products */;
			projectDirPath = "";
			projectRoot = "";
			targets = (
				FA647736255AD97A001850CF /* ScreensPart1 */,
			);
		};
/* End PBXProject section */

/* Begin PBXResourcesBuildPhase section */
		FA647735255AD97A001850CF /* Resources */ = {
			isa = PBXResourcesBuildPhase;
			buildActionMask = 2147483647;
			files = (
				FA647742255AD97E001850CF /* Preview Assets.xcassets in Resources */,
				FA64773F255AD97E001850CF /* Assets.xcassets in Resources */,
			);
			runOnlyForDeploymentPostprocessing = 0;
		};
/* End PBXResourcesBuildPhase section */

/* Begin PBXSourcesBuildPhase section */
		FA647733255AD97A001850CF /* Sources */ = {
			isa = PBXSourcesBuildPhase;
			buildActionMask = 2147483647;
			files = (
				FA881371257673F20001D96F /* ScheduleView.swift in Sources */,
				FA8813842576A5AF0001D96F /* UserModel.swift in Sources */,
				FA881374257673FD0001D96F /* ScheduleViewModel.swift in Sources */,
				FA64774B2564077B001850CF /* ViewModelData.swift in Sources */,
				FA8813782576797C0001D96F /* Constants.swift in Sources */,
				FA64773D255AD97A001850CF /* ContentView.swift in Sources */,
				FA64773B255AD97A001850CF /* ScreensPart1App.swift in Sources */,
			);
			runOnlyForDeploymentPostprocessing = 0;
		};
/* End PBXSourcesBuildPhase section */

/* Begin XCBuildConfiguration section */
		FA647744255AD97E001850CF /* Debug */ = {
			isa = XCBuildConfiguration;
			buildSettings = {
				ALWAYS_SEARCH_USER_PATHS = NO;
				CLANG_ANALYZER_NONNULL = YES;
				CLANG_ANALYZER_NUMBER_OBJECT_CONVERSION = YES_AGGRESSIVE;
				CLANG_CXX_LANGUAGE_STANDARD = "gnu++14";
				CLANG_CXX_LIBRARY = "libc++";
				CLANG_ENABLE_MODULES = YES;
				CLANG_ENABLE_OBJC_ARC = YES;
				CLANG_ENABLE_OBJC_WEAK = YES;
				CLANG_WARN_BLOCK_CAPTURE_AUTORELEASING = YES;
				CLANG_WARN_BOOL_CONVERSION = YES;
				CLANG_WARN_COMMA = YES;
				CLANG_WARN_CONSTANT_CONVERSION = YES;
				CLANG_WARN_DEPRECATED_OBJC_IMPLEMENTATIONS = YES;
				CLANG_WARN_DIRECT_OBJC_ISA_USAGE = YES_ERROR;
				CLANG_WARN_DOCUMENTATION_COMMENTS = YES;
				CLANG_WARN_EMPTY_BODY = YES;
				CLANG_WARN_ENUM_CONVERSION = YES;
				CLANG_WARN_INFINITE_RECURSION = YES;
				CLANG_WARN_INT_CONVERSION = YES;
				CLANG_WARN_NON_LITERAL_NULL_CONVERSION = YES;
				CLANG_WARN_OBJC_IMPLICIT_RETAIN_SELF = YES;
				CLANG_WARN_OBJC_LITERAL_CONVERSION = YES;
				CLANG_WARN_OBJC_ROOT_CLASS = YES_ERROR;
				CLANG_WARN_QUOTED_INCLUDE_IN_FRAMEWORK_HEADER = YES;
				CLANG_WARN_RANGE_LOOP_ANALYSIS = YES;
				CLANG_WARN_STRICT_PROTOTYPES = YES;
				CLANG_WARN_SUSPICIOUS_MOVE = YES;
				CLANG_WARN_UNGUARDED_AVAILABILITY = YES_AGGRESSIVE;
				CLANG_WARN_UNREACHABLE_CODE = YES;
				CLANG_WARN__DUPLICATE_METHOD_MATCH = YES;
				COPY_PHASE_STRIP = NO;
				DEBUG_INFORMATION_FORMAT = dwarf;
				ENABLE_STRICT_OBJC_MSGSEND = YES;
				ENABLE_TESTABILITY = YES;
				GCC_C_LANGUAGE_STANDARD = gnu11;
				GCC_DYNAMIC_NO_PIC = NO;
				GCC_NO_COMMON_BLOCKS = YES;
				GCC_OPTIMIZATION_LEVEL = 0;
				GCC_PREPROCESSOR_DEFINITIONS = (
					"DEBUG=1",
					"$(inherited)",
				);
				GCC_WARN_64_TO_32_BIT_CONVERSION = YES;
				GCC_WARN_ABOUT_RETURN_TYPE = YES_ERROR;
				GCC_WARN_UNDECLARED_SELECTOR = YES;
				GCC_WARN_UNINITIALIZED_AUTOS = YES_AGGRESSIVE;
				GCC_WARN_UNUSED_FUNCTION = YES;
				GCC_WARN_UNUSED_VARIABLE = YES;
				IPHONEOS_DEPLOYMENT_TARGET = 14.0;
				MTL_ENABLE_DEBUG_INFO = INCLUDE_SOURCE;
				MTL_FAST_MATH = YES;
				ONLY_ACTIVE_ARCH = YES;
				SDKROOT = iphoneos;
				SWIFT_ACTIVE_COMPILATION_CONDITIONS = DEBUG;
				SWIFT_OPTIMIZATION_LEVEL = "-Onone";
			};
			name = Debug;
		};
		FA647745255AD97E001850CF /* Release */ = {
			isa = XCBuildConfiguration;
			buildSettings = {
				ALWAYS_SEARCH_USER_PATHS = NO;
				CLANG_ANALYZER_NONNULL = YES;
				CLANG_ANALYZER_NUMBER_OBJECT_CONVERSION = YES_AGGRESSIVE;
				CLANG_CXX_LANGUAGE_STANDARD = "gnu++14";
				CLANG_CXX_LIBRARY = "libc++";
				CLANG_ENABLE_MODULES = YES;
				CLANG_ENABLE_OBJC_ARC = YES;
				CLANG_ENABLE_OBJC_WEAK = YES;
				CLANG_WARN_BLOCK_CAPTURE_AUTORELEASING = YES;
				CLANG_WARN_BOOL_CONVERSION = YES;
				CLANG_WARN_COMMA = YES;
				CLANG_WARN_CONSTANT_CONVERSION = YES;
				CLANG_WARN_DEPRECATED_OBJC_IMPLEMENTATIONS = YES;
				CLANG_WARN_DIRECT_OBJC_ISA_USAGE = YES_ERROR;
				CLANG_WARN_DOCUMENTATION_COMMENTS = YES;
				CLANG_WARN_EMPTY_BODY = YES;
				CLANG_WARN_ENUM_CONVERSION = YES;
				CLANG_WARN_INFINITE_RECURSION = YES;
				CLANG_WARN_INT_CONVERSION = YES;
				CLANG_WARN_NON_LITERAL_NULL_CONVERSION = YES;
				CLANG_WARN_OBJC_IMPLICIT_RETAIN_SELF = YES;
				CLANG_WARN_OBJC_LITERAL_CONVERSION = YES;
				CLANG_WARN_OBJC_ROOT_CLASS = YES_ERROR;
				CLANG_WARN_QUOTED_INCLUDE_IN_FRAMEWORK_HEADER = YES;
				CLANG_WARN_RANGE_LOOP_ANALYSIS = YES;
				CLANG_WARN_STRICT_PROTOTYPES = YES;
				CLANG_WARN_SUSPICIOUS_MOVE = YES;
				CLANG_WARN_UNGUARDED_AVAILABILITY = YES_AGGRESSIVE;
				CLANG_WARN_UNREACHABLE_CODE = YES;
				CLANG_WARN__DUPLICATE_METHOD_MATCH = YES;
				COPY_PHASE_STRIP = NO;
				DEBUG_INFORMATION_FORMAT = "dwarf-with-dsym";
				ENABLE_NS_ASSERTIONS = NO;
				ENABLE_STRICT_OBJC_MSGSEND = YES;
				GCC_C_LANGUAGE_STANDARD = gnu11;
				GCC_NO_COMMON_BLOCKS = YES;
				GCC_WARN_64_TO_32_BIT_CONVERSION = YES;
				GCC_WARN_ABOUT_RETURN_TYPE = YES_ERROR;
				GCC_WARN_UNDECLARED_SELECTOR = YES;
				GCC_WARN_UNINITIALIZED_AUTOS = YES_AGGRESSIVE;
				GCC_WARN_UNUSED_FUNCTION = YES;
				GCC_WARN_UNUSED_VARIABLE = YES;
				IPHONEOS_DEPLOYMENT_TARGET = 14.0;
				MTL_ENABLE_DEBUG_INFO = NO;
				MTL_FAST_MATH = YES;
				SDKROOT = iphoneos;
				SWIFT_COMPILATION_MODE = wholemodule;
				SWIFT_OPTIMIZATION_LEVEL = "-O";
				VALIDATE_PRODUCT = YES;
			};
			name = Release;
		};
		FA647747255AD97E001850CF /* Debug */ = {
			isa = XCBuildConfiguration;
			buildSettings = {
				ASSETCATALOG_COMPILER_APPICON_NAME = AppIcon;
				ASSETCATALOG_COMPILER_GLOBAL_ACCENT_COLOR_NAME = AccentColor;
				CODE_SIGN_STYLE = Automatic;
				DEVELOPMENT_ASSET_PATHS = "\"ScreensPart1/Preview Content\"";
				DEVELOPMENT_TEAM = Y2W95M9C54;
				ENABLE_PREVIEWS = YES;
				INFOPLIST_FILE = ScreensPart1/Info.plist;
				IPHONEOS_DEPLOYMENT_TARGET = 14.0;
				LD_RUNPATH_SEARCH_PATHS = (
					"$(inherited)",
					"@executable_path/Frameworks",
				);
				PRODUCT_BUNDLE_IDENTIFIER = kwilfert.ScreensPart1;
				PRODUCT_NAME = "$(TARGET_NAME)";
				SWIFT_VERSION = 5.0;
				TARGETED_DEVICE_FAMILY = "1,2";
			};
			name = Debug;
		};
		FA647748255AD97E001850CF /* Release */ = {
			isa = XCBuildConfiguration;
			buildSettings = {
				ASSETCATALOG_COMPILER_APPICON_NAME = AppIcon;
				ASSETCATALOG_COMPILER_GLOBAL_ACCENT_COLOR_NAME = AccentColor;
				CODE_SIGN_STYLE = Automatic;
				DEVELOPMENT_ASSET_PATHS = "\"ScreensPart1/Preview Content\"";
				DEVELOPMENT_TEAM = Y2W95M9C54;
				ENABLE_PREVIEWS = YES;
				INFOPLIST_FILE = ScreensPart1/Info.plist;
				IPHONEOS_DEPLOYMENT_TARGET = 14.0;
				LD_RUNPATH_SEARCH_PATHS = (
					"$(inherited)",
					"@executable_path/Frameworks",
				);
				PRODUCT_BUNDLE_IDENTIFIER = kwilfert.ScreensPart1;
				PRODUCT_NAME = "$(TARGET_NAME)";
				SWIFT_VERSION = 5.0;
				TARGETED_DEVICE_FAMILY = "1,2";
			};
			name = Release;
		};
/* End XCBuildConfiguration section */

/* Begin XCConfigurationList section */
		FA647732255AD97A001850CF /* Build configuration list for PBXProject "ScreensPart1" */ = {
			isa = XCConfigurationList;
			buildConfigurations = (
				FA647744255AD97E001850CF /* Debug */,
				FA647745255AD97E001850CF /* Release */,
			);
			defaultConfigurationIsVisible = 0;
			defaultConfigurationName = Release;
		};
		FA647746255AD97E001850CF /* Build configuration list for PBXNativeTarget "ScreensPart1" */ = {
			isa = XCConfigurationList;
			buildConfigurations = (
				FA647747255AD97E001850CF /* Debug */,
				FA647748255AD97E001850CF /* Release */,
			);
			defaultConfigurationIsVisible = 0;
			defaultConfigurationName = Release;
		};
/* End XCConfigurationList section */
	};
	rootObject = FA64772F255AD97A001850CF /* Project object */;
}
