// !$*UTF8*$!
{
	archiveVersion = 1;
	classes = {
	};
	objectVersion = 50;
	objects = {

/* Begin PBXBuildFile section */
		04D5A2DE255ADBE4007F4F6D /* ScreensPart3App.swift in Sources */ = {isa = PBXBuildFile; fileRef = 04D5A2DD255ADBE4007F4F6D /* ScreensPart3App.swift */; };
		04D5A2E0255ADBE4007F4F6D /* ContentView.swift in Sources */ = {isa = PBXBuildFile; fileRef = 04D5A2DF255ADBE4007F4F6D /* ContentView.swift */; };
		04D5A2E2255ADBE6007F4F6D /* Assets.xcassets in Resources */ = {isa = PBXBuildFile; fileRef = 04D5A2E1255ADBE6007F4F6D /* Assets.xcassets */; };
		04D5A2E5255ADBE6007F4F6D /* Preview Assets.xcassets in Resources */ = {isa = PBXBuildFile; fileRef = 04D5A2E4255ADBE6007F4F6D /* Preview Assets.xcassets */; };
		04D5A2E7255ADBE6007F4F6D /* Persistence.swift in Sources */ = {isa = PBXBuildFile; fileRef = 04D5A2E6255ADBE6007F4F6D /* Persistence.swift */; };
		04D5A2EA255ADBE6007F4F6D /* ScreensPart3.xcdatamodeld in Sources */ = {isa = PBXBuildFile; fileRef = 04D5A2E8255ADBE6007F4F6D /* ScreensPart3.xcdatamodeld */; };
/* End PBXBuildFile section */

/* Begin PBXFileReference section */
		04D5A2DA255ADBE4007F4F6D /* ScreensPart3.app */ = {isa = PBXFileReference; explicitFileType = wrapper.application; includeInIndex = 0; path = ScreensPart3.app; sourceTree = BUILT_PRODUCTS_DIR; };
		04D5A2DD255ADBE4007F4F6D /* ScreensPart3App.swift */ = {isa = PBXFileReference; lastKnownFileType = sourcecode.swift; path = ScreensPart3App.swift; sourceTree = "<group>"; };
		04D5A2DF255ADBE4007F4F6D /* ContentView.swift */ = {isa = PBXFileReference; lastKnownFileType = sourcecode.swift; path = ContentView.swift; sourceTree = "<group>"; };
		04D5A2E1255ADBE6007F4F6D /* Assets.xcassets */ = {isa = PBXFileReference; lastKnownFileType = folder.assetcatalog; path = Assets.xcassets; sourceTree = "<group>"; };
		04D5A2E4255ADBE6007F4F6D /* Preview Assets.xcassets */ = {isa = PBXFileReference; lastKnownFileType = folder.assetcatalog; path = "Preview Assets.xcassets"; sourceTree = "<group>"; };
		04D5A2E6255ADBE6007F4F6D /* Persistence.swift */ = {isa = PBXFileReference; lastKnownFileType = sourcecode.swift; path = Persistence.swift; sourceTree = "<group>"; };
		04D5A2E9255ADBE6007F4F6D /* ScreensPart3.xcdatamodel */ = {isa = PBXFileReference; lastKnownFileType = wrapper.xcdatamodel; path = ScreensPart3.xcdatamodel; sourceTree = "<group>"; };
		04D5A2EB255ADBE6007F4F6D /* Info.plist */ = {isa = PBXFileReference; lastKnownFileType = text.plist.xml; path = Info.plist; sourceTree = "<group>"; };
/* End PBXFileReference section */

/* Begin PBXFrameworksBuildPhase section */
		04D5A2D7255ADBE4007F4F6D /* Frameworks */ = {
			isa = PBXFrameworksBuildPhase;
			buildActionMask = 2147483647;
			files = (
			);
			runOnlyForDeploymentPostprocessing = 0;
		};
/* End PBXFrameworksBuildPhase section */

/* Begin PBXGroup section */
		04D5A2D1255ADBE4007F4F6D = {
			isa = PBXGroup;
			children = (
				04D5A2DC255ADBE4007F4F6D /* ScreensPart3 */,
				04D5A2DB255ADBE4007F4F6D /* Products */,
			);
			sourceTree = "<group>";
		};
		04D5A2DB255ADBE4007F4F6D /* Products */ = {
			isa = PBXGroup;
			children = (
				04D5A2DA255ADBE4007F4F6D /* ScreensPart3.app */,
			);
			name = Products;
			sourceTree = "<group>";
		};
		04D5A2DC255ADBE4007F4F6D /* ScreensPart3 */ = {
			isa = PBXGroup;
			children = (
				04D5A2DD255ADBE4007F4F6D /* ScreensPart3App.swift */,
				04D5A2DF255ADBE4007F4F6D /* ContentView.swift */,
				04D5A2E1255ADBE6007F4F6D /* Assets.xcassets */,
				04D5A2E6255ADBE6007F4F6D /* Persistence.swift */,
				04D5A2EB255ADBE6007F4F6D /* Info.plist */,
				04D5A2E8255ADBE6007F4F6D /* ScreensPart3.xcdatamodeld */,
				04D5A2E3255ADBE6007F4F6D /* Preview Content */,
			);
			path = ScreensPart3;
			sourceTree = "<group>";
		};
		04D5A2E3255ADBE6007F4F6D /* Preview Content */ = {
			isa = PBXGroup;
			children = (
				04D5A2E4255ADBE6007F4F6D /* Preview Assets.xcassets */,
			);
			path = "Preview Content";
			sourceTree = "<group>";
		};
/* End PBXGroup section */

/* Begin PBXNativeTarget section */
		04D5A2D9255ADBE4007F4F6D /* ScreensPart3 */ = {
			isa = PBXNativeTarget;
			buildConfigurationList = 04D5A2EE255ADBE6007F4F6D /* Build configuration list for PBXNativeTarget "ScreensPart3" */;
			buildPhases = (
				04D5A2D6255ADBE4007F4F6D /* Sources */,
				04D5A2D7255ADBE4007F4F6D /* Frameworks */,
				04D5A2D8255ADBE4007F4F6D /* Resources */,
			);
			buildRules = (
			);
			dependencies = (
			);
			name = ScreensPart3;
			productName = ScreensPart3;
			productReference = 04D5A2DA255ADBE4007F4F6D /* ScreensPart3.app */;
			productType = "com.apple.product-type.application";
		};
/* End PBXNativeTarget section */

/* Begin PBXProject section */
		04D5A2D2255ADBE4007F4F6D /* Project object */ = {
			isa = PBXProject;
			attributes = {
				LastSwiftUpdateCheck = 1210;
				LastUpgradeCheck = 1210;
				TargetAttributes = {
					04D5A2D9255ADBE4007F4F6D = {
						CreatedOnToolsVersion = 12.1;
					};
				};
			};
			buildConfigurationList = 04D5A2D5255ADBE4007F4F6D /* Build configuration list for PBXProject "ScreensPart3" */;
			compatibilityVersion = "Xcode 9.3";
			developmentRegion = en;
			hasScannedForEncodings = 0;
			knownRegions = (
				en,
				Base,
			);
			mainGroup = 04D5A2D1255ADBE4007F4F6D;
			productRefGroup = 04D5A2DB255ADBE4007F4F6D /* Products */;
			projectDirPath = "";
			projectRoot = "";
			targets = (
				04D5A2D9255ADBE4007F4F6D /* ScreensPart3 */,
			);
		};
/* End PBXProject section */

/* Begin PBXResourcesBuildPhase section */
		04D5A2D8255ADBE4007F4F6D /* Resources */ = {
			isa = PBXResourcesBuildPhase;
			buildActionMask = 2147483647;
			files = (
				04D5A2E5255ADBE6007F4F6D /* Preview Assets.xcassets in Resources */,
				04D5A2E2255ADBE6007F4F6D /* Assets.xcassets in Resources */,
			);
			runOnlyForDeploymentPostprocessing = 0;
		};
/* End PBXResourcesBuildPhase section */

/* Begin PBXSourcesBuildPhase section */
		04D5A2D6255ADBE4007F4F6D /* Sources */ = {
			isa = PBXSourcesBuildPhase;
			buildActionMask = 2147483647;
			files = (
				04D5A2E7255ADBE6007F4F6D /* Persistence.swift in Sources */,
				04D5A2E0255ADBE4007F4F6D /* ContentView.swift in Sources */,
				04D5A2EA255ADBE6007F4F6D /* ScreensPart3.xcdatamodeld in Sources */,
				04D5A2DE255ADBE4007F4F6D /* ScreensPart3App.swift in Sources */,
			);
			runOnlyForDeploymentPostprocessing = 0;
		};
/* End PBXSourcesBuildPhase section */

/* Begin XCBuildConfiguration section */
		04D5A2EC255ADBE6007F4F6D /* Debug */ = {
			isa = XCBuildConfiguration;
			buildSettings = {
				ALWAYS_SEARCH_USER_PATHS = NO;
				CLANG_ANALYZER_NONNULL = YES;
				CLANG_ANALYZER_NUMBER_OBJECT_CONVERSION = YES_AGGRESSIVE;
				CLANG_CXX_LANGUAGE_STANDARD = "gnu++14";
				CLANG_CXX_LIBRARY = "libc++";
				CLANG_ENABLE_MODULES = YES;
				CLANG_ENABLE_OBJC_ARC = YES;
				CLANG_ENABLE_OBJC_WEAK = YES;
				CLANG_WARN_BLOCK_CAPTURE_AUTORELEASING = YES;
				CLANG_WARN_BOOL_CONVERSION = YES;
				CLANG_WARN_COMMA = YES;
				CLANG_WARN_CONSTANT_CONVERSION = YES;
				CLANG_WARN_DEPRECATED_OBJC_IMPLEMENTATIONS = YES;
				CLANG_WARN_DIRECT_OBJC_ISA_USAGE = YES_ERROR;
				CLANG_WARN_DOCUMENTATION_COMMENTS = YES;
				CLANG_WARN_EMPTY_BODY = YES;
				CLANG_WARN_ENUM_CONVERSION = YES;
				CLANG_WARN_INFINITE_RECURSION = YES;
				CLANG_WARN_INT_CONVERSION = YES;
				CLANG_WARN_NON_LITERAL_NULL_CONVERSION = YES;
				CLANG_WARN_OBJC_IMPLICIT_RETAIN_SELF = YES;
				CLANG_WARN_OBJC_LITERAL_CONVERSION = YES;
				CLANG_WARN_OBJC_ROOT_CLASS = YES_ERROR;
				CLANG_WARN_QUOTED_INCLUDE_IN_FRAMEWORK_HEADER = YES;
				CLANG_WARN_RANGE_LOOP_ANALYSIS = YES;
				CLANG_WARN_STRICT_PROTOTYPES = YES;
				CLANG_WARN_SUSPICIOUS_MOVE = YES;
				CLANG_WARN_UNGUARDED_AVAILABILITY = YES_AGGRESSIVE;
				CLANG_WARN_UNREACHABLE_CODE = YES;
				CLANG_WARN__DUPLICATE_METHOD_MATCH = YES;
				COPY_PHASE_STRIP = NO;
				DEBUG_INFORMATION_FORMAT = dwarf;
				ENABLE_STRICT_OBJC_MSGSEND = YES;
				ENABLE_TESTABILITY = YES;
				GCC_C_LANGUAGE_STANDARD = gnu11;
				GCC_DYNAMIC_NO_PIC = NO;
				GCC_NO_COMMON_BLOCKS = YES;
				GCC_OPTIMIZATION_LEVEL = 0;
				GCC_PREPROCESSOR_DEFINITIONS = (
					"DEBUG=1",
					"$(inherited)",
				);
				GCC_WARN_64_TO_32_BIT_CONVERSION = YES;
				GCC_WARN_ABOUT_RETURN_TYPE = YES_ERROR;
				GCC_WARN_UNDECLARED_SELECTOR = YES;
				GCC_WARN_UNINITIALIZED_AUTOS = YES_AGGRESSIVE;
				GCC_WARN_UNUSED_FUNCTION = YES;
				GCC_WARN_UNUSED_VARIABLE = YES;
				IPHONEOS_DEPLOYMENT_TARGET = 14.1;
				MTL_ENABLE_DEBUG_INFO = INCLUDE_SOURCE;
				MTL_FAST_MATH = YES;
				ONLY_ACTIVE_ARCH = YES;
				SDKROOT = iphoneos;
				SWIFT_ACTIVE_COMPILATION_CONDITIONS = DEBUG;
				SWIFT_OPTIMIZATION_LEVEL = "-Onone";
			};
			name = Debug;
		};
		04D5A2ED255ADBE6007F4F6D /* Release */ = {
			isa = XCBuildConfiguration;
			buildSettings = {
				ALWAYS_SEARCH_USER_PATHS = NO;
				CLANG_ANALYZER_NONNULL = YES;
				CLANG_ANALYZER_NUMBER_OBJECT_CONVERSION = YES_AGGRESSIVE;
				CLANG_CXX_LANGUAGE_STANDARD = "gnu++14";
				CLANG_CXX_LIBRARY = "libc++";
				CLANG_ENABLE_MODULES = YES;
				CLANG_ENABLE_OBJC_ARC = YES;
				CLANG_ENABLE_OBJC_WEAK = YES;
				CLANG_WARN_BLOCK_CAPTURE_AUTORELEASING = YES;
				CLANG_WARN_BOOL_CONVERSION = YES;
				CLANG_WARN_COMMA = YES;
				CLANG_WARN_CONSTANT_CONVERSION = YES;
				CLANG_WARN_DEPRECATED_OBJC_IMPLEMENTATIONS = YES;
				CLANG_WARN_DIRECT_OBJC_ISA_USAGE = YES_ERROR;
				CLANG_WARN_DOCUMENTATION_COMMENTS = YES;
				CLANG_WARN_EMPTY_BODY = YES;
				CLANG_WARN_ENUM_CONVERSION = YES;
				CLANG_WARN_INFINITE_RECURSION = YES;
				CLANG_WARN_INT_CONVERSION = YES;
				CLANG_WARN_NON_LITERAL_NULL_CONVERSION = YES;
				CLANG_WARN_OBJC_IMPLICIT_RETAIN_SELF = YES;
				CLANG_WARN_OBJC_LITERAL_CONVERSION = YES;
				CLANG_WARN_OBJC_ROOT_CLASS = YES_ERROR;
				CLANG_WARN_QUOTED_INCLUDE_IN_FRAMEWORK_HEADER = YES;
				CLANG_WARN_RANGE_LOOP_ANALYSIS = YES;
				CLANG_WARN_STRICT_PROTOTYPES = YES;
				CLANG_WARN_SUSPICIOUS_MOVE = YES;
				CLANG_WARN_UNGUARDED_AVAILABILITY = YES_AGGRESSIVE;
				CLANG_WARN_UNREACHABLE_CODE = YES;
				CLANG_WARN__DUPLICATE_METHOD_MATCH = YES;
				COPY_PHASE_STRIP = NO;
				DEBUG_INFORMATION_FORMAT = "dwarf-with-dsym";
				ENABLE_NS_ASSERTIONS = NO;
				ENABLE_STRICT_OBJC_MSGSEND = YES;
				GCC_C_LANGUAGE_STANDARD = gnu11;
				GCC_NO_COMMON_BLOCKS = YES;
				GCC_WARN_64_TO_32_BIT_CONVERSION = YES;
				GCC_WARN_ABOUT_RETURN_TYPE = YES_ERROR;
				GCC_WARN_UNDECLARED_SELECTOR = YES;
				GCC_WARN_UNINITIALIZED_AUTOS = YES_AGGRESSIVE;
				GCC_WARN_UNUSED_FUNCTION = YES;
				GCC_WARN_UNUSED_VARIABLE = YES;
				IPHONEOS_DEPLOYMENT_TARGET = 14.1;
				MTL_ENABLE_DEBUG_INFO = NO;
				MTL_FAST_MATH = YES;
				SDKROOT = iphoneos;
				SWIFT_COMPILATION_MODE = wholemodule;
				SWIFT_OPTIMIZATION_LEVEL = "-O";
				VALIDATE_PRODUCT = YES;
			};
			name = Release;
		};
		04D5A2EF255ADBE6007F4F6D /* Debug */ = {
			isa = XCBuildConfiguration;
			buildSettings = {
				ASSETCATALOG_COMPILER_APPICON_NAME = AppIcon;
				ASSETCATALOG_COMPILER_GLOBAL_ACCENT_COLOR_NAME = AccentColor;
				CODE_SIGN_STYLE = Automatic;
				DEVELOPMENT_ASSET_PATHS = "\"ScreensPart3/Preview Content\"";
				DEVELOPMENT_TEAM = FM446M8BR4;
				ENABLE_PREVIEWS = YES;
				INFOPLIST_FILE = ScreensPart3/Info.plist;
				IPHONEOS_DEPLOYMENT_TARGET = 14.0;
				LD_RUNPATH_SEARCH_PATHS = (
					"$(inherited)",
					"@executable_path/Frameworks",
				);
				PRODUCT_BUNDLE_IDENTIFIER = com.logingroup.ScreensPart3;
				PRODUCT_NAME = "$(TARGET_NAME)";
				SWIFT_VERSION = 5.0;
				TARGETED_DEVICE_FAMILY = "1,2";
			};
			name = Debug;
		};
		04D5A2F0255ADBE6007F4F6D /* Release */ = {
			isa = XCBuildConfiguration;
			buildSettings = {
				ASSETCATALOG_COMPILER_APPICON_NAME = AppIcon;
				ASSETCATALOG_COMPILER_GLOBAL_ACCENT_COLOR_NAME = AccentColor;
				CODE_SIGN_STYLE = Automatic;
				DEVELOPMENT_ASSET_PATHS = "\"ScreensPart3/Preview Content\"";
				DEVELOPMENT_TEAM = FM446M8BR4;
				ENABLE_PREVIEWS = YES;
				INFOPLIST_FILE = ScreensPart3/Info.plist;
				IPHONEOS_DEPLOYMENT_TARGET = 14.0;
				LD_RUNPATH_SEARCH_PATHS = (
					"$(inherited)",
					"@executable_path/Frameworks",
				);
				PRODUCT_BUNDLE_IDENTIFIER = com.logingroup.ScreensPart3;
				PRODUCT_NAME = "$(TARGET_NAME)";
				SWIFT_VERSION = 5.0;
				TARGETED_DEVICE_FAMILY = "1,2";
			};
			name = Release;
		};
/* End XCBuildConfiguration section */

/* Begin XCConfigurationList section */
		04D5A2D5255ADBE4007F4F6D /* Build configuration list for PBXProject "ScreensPart3" */ = {
			isa = XCConfigurationList;
			buildConfigurations = (
				04D5A2EC255ADBE6007F4F6D /* Debug */,
				04D5A2ED255ADBE6007F4F6D /* Release */,
			);
			defaultConfigurationIsVisible = 0;
			defaultConfigurationName = Release;
		};
		04D5A2EE255ADBE6007F4F6D /* Build configuration list for PBXNativeTarget "ScreensPart3" */ = {
			isa = XCConfigurationList;
			buildConfigurations = (
				04D5A2EF255ADBE6007F4F6D /* Debug */,
				04D5A2F0255ADBE6007F4F6D /* Release */,
			);
			defaultConfigurationIsVisible = 0;
			defaultConfigurationName = Release;
		};
/* End XCConfigurationList section */

/* Begin XCVersionGroup section */
		04D5A2E8255ADBE6007F4F6D /* ScreensPart3.xcdatamodeld */ = {
			isa = XCVersionGroup;
			children = (
				04D5A2E9255ADBE6007F4F6D /* ScreensPart3.xcdatamodel */,
			);
			currentVersion = 04D5A2E9255ADBE6007F4F6D /* ScreensPart3.xcdatamodel */;
			path = ScreensPart3.xcdatamodeld;
			sourceTree = "<group>";
			versionGroupType = wrapper.xcdatamodel;
		};
/* End XCVersionGroup section */
	};
	rootObject = 04D5A2D2255ADBE4007F4F6D /* Project object */;
}
